
Microsoft Visual Studio Solution File, Format Version 12.00
# Visual Studio Version 17
VisualStudioVersion = 17.5.002.0
MinimumVisualStudioVersion = 10.0.40219.1
Project("{9A19103F-16F7-4668-BE54-9A1E7A4F7556}") = "RazorAppDemo", "RazorAppDemo.csproj", "{0FC818DA-CCC8-44D6-80C1-8AED741F3E82}"
EndProject
Global
	GlobalSection(SolutionConfigurationPlatforms) = preSolution
		Debug|Any CPU = Debug|Any CPU
		Release|Any CPU = Release|Any CPU
	EndGlobalSection
	GlobalSection(ProjectConfigurationPlatforms) = postSolution
		{0FC818DA-CCC8-44D6-80C1-8AED741F3E82}.Debug|Any CPU.ActiveCfg = Debug|Any CPU
		{0FC818DA-CCC8-44D6-80C1-8AED741F3E82}.Debug|Any CPU.Build.0 = Debug|Any CPU
		{0FC818DA-CCC8-44D6-80C1-8AED741F3E82}.Release|Any CPU.ActiveCfg = Release|Any CPU
		{0FC818DA-CCC8-44D6-80C1-8AED741F3E82}.Release|Any CPU.Build.0 = Release|Any CPU
	EndGlobalSection
	GlobalSection(SolutionProperties) = preSolution
		HideSolutionNode = FALSE
	EndGlobalSection
	GlobalSection(ExtensibilityGlobals) = postSolution
		SolutionGuid = {2902FC6D-FC33-4E5F-AF3B-6D47F60FEDF3}
	EndGlobalSection
EndGlobal
